harpe = { version = "0.12.1", sha512 = "80fd8b910142522edc1b74b6a7131a4d8f2bcc9a0d1c33429e0e0ac906ff3cc2e3bc6c5aa4e1edcfd4642e289f01421b5ee1bc9987c506632af88fcfec5c2706" }
harpe-caps = { version = "0.12.1", sha512 = "e5326d6e89c67e30a80d5a381db5ad65a0f9977dc5f7e16e22d3cb9d762c0b44400f2417bb70f234706fd709aa6e32581cfefd55d8b299c8414439eb3e4d8fcb" }
harpe-testing-python = { version = "0.12.1", sha512 = "f942e5caa42a4a066f1093ec700fc4ab8e310fdaf7c0b1e4ed69bb439fb125bf764c43e051e9f9603b889ab64b5f197de918a641d478c8466ac47d88dd0256e8" }
