harpe = { version = "0.10.1", sha512 = "05d6ec934ac829364f9e4918d754063be9a8277cb4c53fbe773c996437f968745b06a5a354c50cf113cead4ecaceb2bcc5ee9e8907f58c180526cf36edfcfbac" }
harpe-caps = { version = "0.10.1", sha512 = "e7c537dc3c3fed7fed90057707e0f3aa7321509d8c2837753171409a140bbc06533f061ecf7b4b058836ca6b0de90cb53203fce89886114cb755154cacc4f2b3" }
harpe-testing = { version = "0.10.1", sha512 = "4b7af2621a3c141206bf44a46facd20322abb864766ccb65473d9865f849d398ba6f7efc7b67f48e26b647d6fdecbe9a9ea52492c2d778a44c821c5c65f9faa0" }
