harpe = { version = "0.11.0", sha512 = "07810e9d73abb85cc6a699a7ffc0558d451fa2efe0e0472f751d505dc16592c6d02a8e45aec49776c7bd1c02a8ccdd6a49c4407a22db6a0a148dbbed13af79ea" }
harpe-caps = { version = "0.11.0", sha512 = "ded3052410c178e0df2a98ac2d19ba3f829d6b8e26b251a2f4b5f22904f4ebf6a1094969e1b7d290d1a97d26f2da5c6e475c1d12861b27cfa02ac901aa4a4594" }
harpe-testing = { version = "0.11.0", sha512 = "c959cb7115cff93c6a0c1f898b7170f02175e4f2b031ee83ff64017b12ba58a17ab4fc19a005a77d88a41094af46327ab9544a93237fed06fb0f07e3a01e9b8f" }
