harpe = { version = "0.13.0", sha512 = "644c3ea3d85894cb5719582da2f85004889f7bf0cf6745836c57b602e24669bf527b668db848f46e6bc20c311ce1a5f7119cdd49551c775c67e6b69a6a7b94f1" }
harpe-caps = { version = "0.13.0", sha512 = "3e6fc798a8599f44c76e03d40b2081698536f09116e5c1197506d888340a0e3e82e4f9403cf5d2313b5ba27c5dadf6250cdba91b8cfded9cde2184d92257d60e" }
