harpe = { version = "0.12.0", sha512 = "990fd1747fb3337d75a6438958063a39292e06a2850090b4328529a75692ee7df25fce5ddbab8b299c9020fc36212881f714bcc5b215ef5be535a86ebf82bc15" }
harpe-caps = { version = "0.12.0", sha512 = "92232819600184b76cb565ab1c2dfaece07f9e708162dd920eeb2f6d3c277bb314586727c92512e8916b0a8464008e9b33817fa9af036347941efe8b299d93d8" }
